// !$*UTF8*$!
{
	archiveVersion = 1;
	classes = {
	};
	objectVersion = 60;
	objects = {

/* Begin PBXBuildFile section */
		733630182BC20DB300A36FD7 /* WeatherAppApp.swift in Sources */ = {isa = PBXBuildFile; fileRef = 733630172BC20DB300A36FD7 /* WeatherAppApp.swift */; };
		7336301A2BC20DB300A36FD7 /* ContentView.swift in Sources */ = {isa = PBXBuildFile; fileRef = 733630192BC20DB300A36FD7 /* ContentView.swift */; };
		7336301C2BC20DB600A36FD7 /* Assets.xcassets in Resources */ = {isa = PBXBuildFile; fileRef = 7336301B2BC20DB600A36FD7 /* Assets.xcassets */; };
		7336301F2BC20DB600A36FD7 /* Preview Assets.xcassets in Resources */ = {isa = PBXBuildFile; fileRef = 7336301E2BC20DB600A36FD7 /* Preview Assets.xcassets */; };
		733630272BC20E0800A36FD7 /* Apollo in Frameworks */ = {isa = PBXBuildFile; productRef = 733630262BC20E0800A36FD7 /* Apollo */; };
		733630292BC20E0800A36FD7 /* Apollo-Dynamic in Frameworks */ = {isa = PBXBuildFile; productRef = 733630282BC20E0800A36FD7 /* Apollo-Dynamic */; };
		7336302B2BC20E0800A36FD7 /* ApolloAPI in Frameworks */ = {isa = PBXBuildFile; productRef = 7336302A2BC20E0800A36FD7 /* ApolloAPI */; };
		7336302D2BC20E0800A36FD7 /* ApolloSQLite in Frameworks */ = {isa = PBXBuildFile; productRef = 7336302C2BC20E0800A36FD7 /* ApolloSQLite */; };
		7336302F2BC20E0800A36FD7 /* ApolloTestSupport in Frameworks */ = {isa = PBXBuildFile; productRef = 7336302E2BC20E0800A36FD7 /* ApolloTestSupport */; };
		733630352BC2116B00A36FD7 /* schema.json in Resources */ = {isa = PBXBuildFile; fileRef = 733630342BC2116B00A36FD7 /* schema.json */; };
		733630382BC2131700A36FD7 /* WeatherQueries.graphql in Resources */ = {isa = PBXBuildFile; fileRef = 733630372BC2131700A36FD7 /* WeatherQueries.graphql */; };
		7336303B2BC2136D00A36FD7 /* WeatherSchemaAPI in Frameworks */ = {isa = PBXBuildFile; productRef = 7336303A2BC2136D00A36FD7 /* WeatherSchemaAPI */; };
		7336303E2BC213BA00A36FD7 /* WeatherViewModel.swift in Sources */ = {isa = PBXBuildFile; fileRef = 7336303D2BC213BA00A36FD7 /* WeatherViewModel.swift */; };
		733630402BC2179B00A36FD7 /* Apollo.swift in Sources */ = {isa = PBXBuildFile; fileRef = 7336303F2BC2179B00A36FD7 /* Apollo.swift */; };
		733630422BC21E0400A36FD7 /* WeatherView.swift in Sources */ = {isa = PBXBuildFile; fileRef = 733630412BC21E0400A36FD7 /* WeatherView.swift */; };
		733630442BC21E5F00A36FD7 /* InvalidCityView.swift in Sources */ = {isa = PBXBuildFile; fileRef = 733630432BC21E5F00A36FD7 /* InvalidCityView.swift */; };
/* End PBXBuildFile section */

/* Begin PBXFileReference section */
		733630142BC20DB300A36FD7 /* WeatherApp.app */ = {isa = PBXFileReference; explicitFileType = wrapper.application; includeInIndex = 0; path = WeatherApp.app; sourceTree = BUILT_PRODUCTS_DIR; };
		733630172BC20DB300A36FD7 /* WeatherAppApp.swift */ = {isa = PBXFileReference; lastKnownFileType = sourcecode.swift; path = WeatherAppApp.swift; sourceTree = "<group>"; };
		733630192BC20DB300A36FD7 /* ContentView.swift */ = {isa = PBXFileReference; lastKnownFileType = sourcecode.swift; path = ContentView.swift; sourceTree = "<group>"; };
		7336301B2BC20DB600A36FD7 /* Assets.xcassets */ = {isa = PBXFileReference; lastKnownFileType = folder.assetcatalog; path = Assets.xcassets; sourceTree = "<group>"; };
		7336301E2BC20DB600A36FD7 /* Preview Assets.xcassets */ = {isa = PBXFileReference; lastKnownFileType = folder.assetcatalog; path = "Preview Assets.xcassets"; sourceTree = "<group>"; };
		733630342BC2116B00A36FD7 /* schema.json */ = {isa = PBXFileReference; fileEncoding = 4; lastKnownFileType = text.json; path = schema.json; sourceTree = "<group>"; };
		733630372BC2131700A36FD7 /* WeatherQueries.graphql */ = {isa = PBXFileReference; lastKnownFileType = text; path = WeatherQueries.graphql; sourceTree = "<group>"; };
		7336303D2BC213BA00A36FD7 /* WeatherViewModel.swift */ = {isa = PBXFileReference; lastKnownFileType = sourcecode.swift; path = WeatherViewModel.swift; sourceTree = "<group>"; };
		7336303F2BC2179B00A36FD7 /* Apollo.swift */ = {isa = PBXFileReference; lastKnownFileType = sourcecode.swift; path = Apollo.swift; sourceTree = "<group>"; };
		733630412BC21E0400A36FD7 /* WeatherView.swift */ = {isa = PBXFileReference; lastKnownFileType = sourcecode.swift; path = WeatherView.swift; sourceTree = "<group>"; };
		733630432BC21E5F00A36FD7 /* InvalidCityView.swift */ = {isa = PBXFileReference; lastKnownFileType = sourcecode.swift; path = InvalidCityView.swift; sourceTree = "<group>"; };
/* End PBXFileReference section */

/* Begin PBXFrameworksBuildPhase section */
		733630112BC20DB300A36FD7 /* Frameworks */ = {
			isa = PBXFrameworksBuildPhase;
			buildActionMask = 2147483647;
			files = (
				7336302B2BC20E0800A36FD7 /* ApolloAPI in Frameworks */,
				7336302F2BC20E0800A36FD7 /* ApolloTestSupport in Frameworks */,
				7336302D2BC20E0800A36FD7 /* ApolloSQLite in Frameworks */,
				7336303B2BC2136D00A36FD7 /* WeatherSchemaAPI in Frameworks */,
				733630272BC20E0800A36FD7 /* Apollo in Frameworks */,
				733630292BC20E0800A36FD7 /* Apollo-Dynamic in Frameworks */,
			);
			runOnlyForDeploymentPostprocessing = 0;
		};
/* End PBXFrameworksBuildPhase section */

/* Begin PBXGroup section */
		7336300B2BC20DB300A36FD7 = {
			isa = PBXGroup;
			children = (
				733630162BC20DB300A36FD7 /* WeatherApp */,
				733630152BC20DB300A36FD7 /* Products */,
			);
			sourceTree = "<group>";
		};
		733630152BC20DB300A36FD7 /* Products */ = {
			isa = PBXGroup;
			children = (
				733630142BC20DB300A36FD7 /* WeatherApp.app */,
			);
			name = Products;
			sourceTree = "<group>";
		};
		733630162BC20DB300A36FD7 /* WeatherApp */ = {
			isa = PBXGroup;
			children = (
				733630452BC21E8100A36FD7 /* Views */,
				7336303C2BC213AC00A36FD7 /* ViewModels */,
				733630362BC212FC00A36FD7 /* GraphQL */,
				733630342BC2116B00A36FD7 /* schema.json */,
				733630172BC20DB300A36FD7 /* WeatherAppApp.swift */,
				733630192BC20DB300A36FD7 /* ContentView.swift */,
				7336301B2BC20DB600A36FD7 /* Assets.xcassets */,
				7336301D2BC20DB600A36FD7 /* Preview Content */,
			);
			path = WeatherApp;
			sourceTree = "<group>";
		};
		7336301D2BC20DB600A36FD7 /* Preview Content */ = {
			isa = PBXGroup;
			children = (
				7336301E2BC20DB600A36FD7 /* Preview Assets.xcassets */,
			);
			path = "Preview Content";
			sourceTree = "<group>";
		};
		733630362BC212FC00A36FD7 /* GraphQL */ = {
			isa = PBXGroup;
			children = (
				733630372BC2131700A36FD7 /* WeatherQueries.graphql */,
				7336303F2BC2179B00A36FD7 /* Apollo.swift */,
			);
			path = GraphQL;
			sourceTree = "<group>";
		};
		7336303C2BC213AC00A36FD7 /* ViewModels */ = {
			isa = PBXGroup;
			children = (
				733630432BC21E5F00A36FD7 /* InvalidCityView.swift */,
				7336303D2BC213BA00A36FD7 /* WeatherViewModel.swift */,
			);
			path = ViewModels;
			sourceTree = "<group>";
		};
		733630452BC21E8100A36FD7 /* Views */ = {
			isa = PBXGroup;
			children = (
				733630412BC21E0400A36FD7 /* WeatherView.swift */,
			);
			path = Views;
			sourceTree = "<group>";
		};
/* End PBXGroup section */

/* Begin PBXNativeTarget section */
		733630132BC20DB300A36FD7 /* WeatherApp */ = {
			isa = PBXNativeTarget;
			buildConfigurationList = 733630222BC20DB600A36FD7 /* Build configuration list for PBXNativeTarget "WeatherApp" */;
			buildPhases = (
				733630102BC20DB300A36FD7 /* Sources */,
				733630112BC20DB300A36FD7 /* Frameworks */,
				733630122BC20DB300A36FD7 /* Resources */,
			);
			buildRules = (
			);
			dependencies = (
			);
			name = WeatherApp;
			packageProductDependencies = (
				733630262BC20E0800A36FD7 /* Apollo */,
				733630282BC20E0800A36FD7 /* Apollo-Dynamic */,
				7336302A2BC20E0800A36FD7 /* ApolloAPI */,
				7336302C2BC20E0800A36FD7 /* ApolloSQLite */,
				7336302E2BC20E0800A36FD7 /* ApolloTestSupport */,
				7336303A2BC2136D00A36FD7 /* WeatherSchemaAPI */,
			);
			productName = WeatherApp;
			productReference = 733630142BC20DB300A36FD7 /* WeatherApp.app */;
			productType = "com.apple.product-type.application";
		};
/* End PBXNativeTarget section */

/* Begin PBXProject section */
		7336300C2BC20DB300A36FD7 /* Project object */ = {
			isa = PBXProject;
			attributes = {
				BuildIndependentTargetsInParallel = 1;
				LastSwiftUpdateCheck = 1510;
				LastUpgradeCheck = 1510;
				TargetAttributes = {
					733630132BC20DB300A36FD7 = {
						CreatedOnToolsVersion = 15.1;
					};
				};
			};
			buildConfigurationList = 7336300F2BC20DB300A36FD7 /* Build configuration list for PBXProject "WeatherApp" */;
			compatibilityVersion = "Xcode 14.0";
			developmentRegion = en;
			hasScannedForEncodings = 0;
			knownRegions = (
				en,
				Base,
			);
			mainGroup = 7336300B2BC20DB300A36FD7;
			packageReferences = (
				733630252BC20E0800A36FD7 /* XCRemoteSwiftPackageReference "apollo-ios" */,
				733630392BC2136D00A36FD7 /* XCLocalSwiftPackageReference "WeatherSchemaAPI" */,
			);
			productRefGroup = 733630152BC20DB300A36FD7 /* Products */;
			projectDirPath = "";
			projectRoot = "";
			targets = (
				733630132BC20DB300A36FD7 /* WeatherApp */,
			);
		};
/* End PBXProject section */

/* Begin PBXResourcesBuildPhase section */
		733630122BC20DB300A36FD7 /* Resources */ = {
			isa = PBXResourcesBuildPhase;
			buildActionMask = 2147483647;
			files = (
				7336301F2BC20DB600A36FD7 /* Preview Assets.xcassets in Resources */,
				733630382BC2131700A36FD7 /* WeatherQueries.graphql in Resources */,
				733630352BC2116B00A36FD7 /* schema.json in Resources */,
				7336301C2BC20DB600A36FD7 /* Assets.xcassets in Resources */,
			);
			runOnlyForDeploymentPostprocessing = 0;
		};
/* End PBXResourcesBuildPhase section */

/* Begin PBXSourcesBuildPhase section */
		733630102BC20DB300A36FD7 /* Sources */ = {
			isa = PBXSourcesBuildPhase;
			buildActionMask = 2147483647;
			files = (
				733630422BC21E0400A36FD7 /* WeatherView.swift in Sources */,
				7336301A2BC20DB300A36FD7 /* ContentView.swift in Sources */,
				7336303E2BC213BA00A36FD7 /* WeatherViewModel.swift in Sources */,
				733630442BC21E5F00A36FD7 /* InvalidCityView.swift in Sources */,
				733630402BC2179B00A36FD7 /* Apollo.swift in Sources */,
				733630182BC20DB300A36FD7 /* WeatherAppApp.swift in Sources */,
			);
			runOnlyForDeploymentPostprocessing = 0;
		};
/* End PBXSourcesBuildPhase section */

/* Begin XCBuildConfiguration section */
		733630202BC20DB600A36FD7 /* Debug */ = {
			isa = XCBuildConfiguration;
			buildSettings = {
				ALWAYS_SEARCH_USER_PATHS = NO;
				ASSETCATALOG_COMPILER_GENERATE_SWIFT_ASSET_SYMBOL_EXTENSIONS = YES;
				CLANG_ANALYZER_NONNULL = YES;
				CLANG_ANALYZER_NUMBER_OBJECT_CONVERSION = YES_AGGRESSIVE;
				CLANG_CXX_LANGUAGE_STANDARD = "gnu++20";
				CLANG_ENABLE_MODULES = YES;
				CLANG_ENABLE_OBJC_ARC = YES;
				CLANG_ENABLE_OBJC_WEAK = YES;
				CLANG_WARN_BLOCK_CAPTURE_AUTORELEASING = YES;
				CLANG_WARN_BOOL_CONVERSION = YES;
				CLANG_WARN_COMMA = YES;
				CLANG_WARN_CONSTANT_CONVERSION = YES;
				CLANG_WARN_DEPRECATED_OBJC_IMPLEMENTATIONS = YES;
				CLANG_WARN_DIRECT_OBJC_ISA_USAGE = YES_ERROR;
				CLANG_WARN_DOCUMENTATION_COMMENTS = YES;
				CLANG_WARN_EMPTY_BODY = YES;
				CLANG_WARN_ENUM_CONVERSION = YES;
				CLANG_WARN_INFINITE_RECURSION = YES;
				CLANG_WARN_INT_CONVERSION = YES;
				CLANG_WARN_NON_LITERAL_NULL_CONVERSION = YES;
				CLANG_WARN_OBJC_IMPLICIT_RETAIN_SELF = YES;
				CLANG_WARN_OBJC_LITERAL_CONVERSION = YES;
				CLANG_WARN_OBJC_ROOT_CLASS = YES_ERROR;
				CLANG_WARN_QUOTED_INCLUDE_IN_FRAMEWORK_HEADER = YES;
				CLANG_WARN_RANGE_LOOP_ANALYSIS = YES;
				CLANG_WARN_STRICT_PROTOTYPES = YES;
				CLANG_WARN_SUSPICIOUS_MOVE = YES;
				CLANG_WARN_UNGUARDED_AVAILABILITY = YES_AGGRESSIVE;
				CLANG_WARN_UNREACHABLE_CODE = YES;
				CLANG_WARN__DUPLICATE_METHOD_MATCH = YES;
				COPY_PHASE_STRIP = NO;
				DEBUG_INFORMATION_FORMAT = dwarf;
				ENABLE_STRICT_OBJC_MSGSEND = YES;
				ENABLE_TESTABILITY = YES;
				ENABLE_USER_SCRIPT_SANDBOXING = YES;
				GCC_C_LANGUAGE_STANDARD = gnu17;
				GCC_DYNAMIC_NO_PIC = NO;
				GCC_NO_COMMON_BLOCKS = YES;
				GCC_OPTIMIZATION_LEVEL = 0;
				GCC_PREPROCESSOR_DEFINITIONS = (
					"DEBUG=1",
					"$(inherited)",
				);
				GCC_WARN_64_TO_32_BIT_CONVERSION = YES;
				GCC_WARN_ABOUT_RETURN_TYPE = YES_ERROR;
				GCC_WARN_UNDECLARED_SELECTOR = YES;
				GCC_WARN_UNINITIALIZED_AUTOS = YES_AGGRESSIVE;
				GCC_WARN_UNUSED_FUNCTION = YES;
				GCC_WARN_UNUSED_VARIABLE = YES;
				IPHONEOS_DEPLOYMENT_TARGET = 17.2;
				LOCALIZATION_PREFERS_STRING_CATALOGS = YES;
				MTL_ENABLE_DEBUG_INFO = INCLUDE_SOURCE;
				MTL_FAST_MATH = YES;
				ONLY_ACTIVE_ARCH = YES;
				SDKROOT = iphoneos;
				SWIFT_ACTIVE_COMPILATION_CONDITIONS = "DEBUG $(inherited)";
				SWIFT_OPTIMIZATION_LEVEL = "-Onone";
			};
			name = Debug;
		};
		733630212BC20DB600A36FD7 /* Release */ = {
			isa = XCBuildConfiguration;
			buildSettings = {
				ALWAYS_SEARCH_USER_PATHS = NO;
				ASSETCATALOG_COMPILER_GENERATE_SWIFT_ASSET_SYMBOL_EXTENSIONS = YES;
				CLANG_ANALYZER_NONNULL = YES;
				CLANG_ANALYZER_NUMBER_OBJECT_CONVERSION = YES_AGGRESSIVE;
				CLANG_CXX_LANGUAGE_STANDARD = "gnu++20";
				CLANG_ENABLE_MODULES = YES;
				CLANG_ENABLE_OBJC_ARC = YES;
				CLANG_ENABLE_OBJC_WEAK = YES;
				CLANG_WARN_BLOCK_CAPTURE_AUTORELEASING = YES;
				CLANG_WARN_BOOL_CONVERSION = YES;
				CLANG_WARN_COMMA = YES;
				CLANG_WARN_CONSTANT_CONVERSION = YES;
				CLANG_WARN_DEPRECATED_OBJC_IMPLEMENTATIONS = YES;
				CLANG_WARN_DIRECT_OBJC_ISA_USAGE = YES_ERROR;
				CLANG_WARN_DOCUMENTATION_COMMENTS = YES;
				CLANG_WARN_EMPTY_BODY = YES;
				CLANG_WARN_ENUM_CONVERSION = YES;
				CLANG_WARN_INFINITE_RECURSION = YES;
				CLANG_WARN_INT_CONVERSION = YES;
				CLANG_WARN_NON_LITERAL_NULL_CONVERSION = YES;
				CLANG_WARN_OBJC_IMPLICIT_RETAIN_SELF = YES;
				CLANG_WARN_OBJC_LITERAL_CONVERSION = YES;
				CLANG_WARN_OBJC_ROOT_CLASS = YES_ERROR;
				CLANG_WARN_QUOTED_INCLUDE_IN_FRAMEWORK_HEADER = YES;
				CLANG_WARN_RANGE_LOOP_ANALYSIS = YES;
				CLANG_WARN_STRICT_PROTOTYPES = YES;
				CLANG_WARN_SUSPICIOUS_MOVE = YES;
				CLANG_WARN_UNGUARDED_AVAILABILITY = YES_AGGRESSIVE;
				CLANG_WARN_UNREACHABLE_CODE = YES;
				CLANG_WARN__DUPLICATE_METHOD_MATCH = YES;
				COPY_PHASE_STRIP = NO;
				DEBUG_INFORMATION_FORMAT = "dwarf-with-dsym";
				ENABLE_NS_ASSERTIONS = NO;
				ENABLE_STRICT_OBJC_MSGSEND = YES;
				ENABLE_USER_SCRIPT_SANDBOXING = YES;
				GCC_C_LANGUAGE_STANDARD = gnu17;
				GCC_NO_COMMON_BLOCKS = YES;
				GCC_WARN_64_TO_32_BIT_CONVERSION = YES;
				GCC_WARN_ABOUT_RETURN_TYPE = YES_ERROR;
				GCC_WARN_UNDECLARED_SELECTOR = YES;
				GCC_WARN_UNINITIALIZED_AUTOS = YES_AGGRESSIVE;
				GCC_WARN_UNUSED_FUNCTION = YES;
				GCC_WARN_UNUSED_VARIABLE = YES;
				IPHONEOS_DEPLOYMENT_TARGET = 17.2;
				LOCALIZATION_PREFERS_STRING_CATALOGS = YES;
				MTL_ENABLE_DEBUG_INFO = NO;
				MTL_FAST_MATH = YES;
				SDKROOT = iphoneos;
				SWIFT_COMPILATION_MODE = wholemodule;
				VALIDATE_PRODUCT = YES;
			};
			name = Release;
		};
		733630232BC20DB600A36FD7 /* Debug */ = {
			isa = XCBuildConfiguration;
			buildSettings = {
				ASSETCATALOG_COMPILER_APPICON_NAME = AppIcon;
				ASSETCATALOG_COMPILER_GLOBAL_ACCENT_COLOR_NAME = AccentColor;
				CODE_SIGN_STYLE = Automatic;
				CURRENT_PROJECT_VERSION = 1;
				DEVELOPMENT_ASSET_PATHS = "\"WeatherApp/Preview Content\"";
				ENABLE_PREVIEWS = YES;
				GENERATE_INFOPLIST_FILE = YES;
				INFOPLIST_KEY_UIApplicationSceneManifest_Generation = YES;
				INFOPLIST_KEY_UIApplicationSupportsIndirectInputEvents = YES;
				INFOPLIST_KEY_UILaunchScreen_Generation = YES;
				INFOPLIST_KEY_UISupportedInterfaceOrientations_iPad = "UIInterfaceOrientationPortrait UIInterfaceOrientationPortraitUpsideDown UIInterfaceOrientationLandscapeLeft UIInterfaceOrientationLandscapeRight";
				INFOPLIST_KEY_UISupportedInterfaceOrientations_iPhone = "UIInterfaceOrientationPortrait UIInterfaceOrientationLandscapeLeft UIInterfaceOrientationLandscapeRight";
				LD_RUNPATH_SEARCH_PATHS = (
					"$(inherited)",
					"@executable_path/Frameworks",
				);
				MARKETING_VERSION = 1.0;
				PRODUCT_BUNDLE_IDENTIFIER = com.magician.WeatherApp;
				PRODUCT_NAME = "$(TARGET_NAME)";
				SWIFT_EMIT_LOC_STRINGS = YES;
				SWIFT_VERSION = 5.0;
				TARGETED_DEVICE_FAMILY = "1,2";
			};
			name = Debug;
		};
		733630242BC20DB600A36FD7 /* Release */ = {
			isa = XCBuildConfiguration;
			buildSettings = {
				ASSETCATALOG_COMPILER_APPICON_NAME = AppIcon;
				ASSETCATALOG_COMPILER_GLOBAL_ACCENT_COLOR_NAME = AccentColor;
				CODE_SIGN_STYLE = Automatic;
				CURRENT_PROJECT_VERSION = 1;
				DEVELOPMENT_ASSET_PATHS = "\"WeatherApp/Preview Content\"";
				ENABLE_PREVIEWS = YES;
				GENERATE_INFOPLIST_FILE = YES;
				INFOPLIST_KEY_UIApplicationSceneManifest_Generation = YES;
				INFOPLIST_KEY_UIApplicationSupportsIndirectInputEvents = YES;
				INFOPLIST_KEY_UILaunchScreen_Generation = YES;
				INFOPLIST_KEY_UISupportedInterfaceOrientations_iPad = "UIInterfaceOrientationPortrait UIInterfaceOrientationPortraitUpsideDown UIInterfaceOrientationLandscapeLeft UIInterfaceOrientationLandscapeRight";
				INFOPLIST_KEY_UISupportedInterfaceOrientations_iPhone = "UIInterfaceOrientationPortrait UIInterfaceOrientationLandscapeLeft UIInterfaceOrientationLandscapeRight";
				LD_RUNPATH_SEARCH_PATHS = (
					"$(inherited)",
					"@executable_path/Frameworks",
				);
				MARKETING_VERSION = 1.0;
				PRODUCT_BUNDLE_IDENTIFIER = com.magician.WeatherApp;
				PRODUCT_NAME = "$(TARGET_NAME)";
				SWIFT_EMIT_LOC_STRINGS = YES;
				SWIFT_VERSION = 5.0;
				TARGETED_DEVICE_FAMILY = "1,2";
			};
			name = Release;
		};
/* End XCBuildConfiguration section */

/* Begin XCConfigurationList section */
		7336300F2BC20DB300A36FD7 /* Build configuration list for PBXProject "WeatherApp" */ = {
			isa = XCConfigurationList;
			buildConfigurations = (
				733630202BC20DB600A36FD7 /* Debug */,
				733630212BC20DB600A36FD7 /* Release */,
			);
			defaultConfigurationIsVisible = 0;
			defaultConfigurationName = Release;
		};
		733630222BC20DB600A36FD7 /* Build configuration list for PBXNativeTarget "WeatherApp" */ = {
			isa = XCConfigurationList;
			buildConfigurations = (
				733630232BC20DB600A36FD7 /* Debug */,
				733630242BC20DB600A36FD7 /* Release */,
			);
			defaultConfigurationIsVisible = 0;
			defaultConfigurationName = Release;
		};
/* End XCConfigurationList section */

/* Begin XCLocalSwiftPackageReference section */
		733630392BC2136D00A36FD7 /* XCLocalSwiftPackageReference "WeatherSchemaAPI" */ = {
			isa = XCLocalSwiftPackageReference;
			relativePath = WeatherSchemaAPI;
		};
/* End XCLocalSwiftPackageReference section */

/* Begin XCRemoteSwiftPackageReference section */
		733630252BC20E0800A36FD7 /* XCRemoteSwiftPackageReference "apollo-ios" */ = {
			isa = XCRemoteSwiftPackageReference;
			repositoryURL = "https://github.com/apollographql/apollo-ios.git";
			requirement = {
				kind = upToNextMajorVersion;
				minimumVersion = 1.9.3;
			};
		};
/* End XCRemoteSwiftPackageReference section */

/* Begin XCSwiftPackageProductDependency section */
		733630262BC20E0800A36FD7 /* Apollo */ = {
			isa = XCSwiftPackageProductDependency;
			package = 733630252BC20E0800A36FD7 /* XCRemoteSwiftPackageReference "apollo-ios" */;
			productName = Apollo;
		};
		733630282BC20E0800A36FD7 /* Apollo-Dynamic */ = {
			isa = XCSwiftPackageProductDependency;
			package = 733630252BC20E0800A36FD7 /* XCRemoteSwiftPackageReference "apollo-ios" */;
			productName = "Apollo-Dynamic";
		};
		7336302A2BC20E0800A36FD7 /* ApolloAPI */ = {
			isa = XCSwiftPackageProductDependency;
			package = 733630252BC20E0800A36FD7 /* XCRemoteSwiftPackageReference "apollo-ios" */;
			productName = ApolloAPI;
		};
		7336302C2BC20E0800A36FD7 /* ApolloSQLite */ = {
			isa = XCSwiftPackageProductDependency;
			package = 733630252BC20E0800A36FD7 /* XCRemoteSwiftPackageReference "apollo-ios" */;
			productName = ApolloSQLite;
		};
		7336302E2BC20E0800A36FD7 /* ApolloTestSupport */ = {
			isa = XCSwiftPackageProductDependency;
			package = 733630252BC20E0800A36FD7 /* XCRemoteSwiftPackageReference "apollo-ios" */;
			productName = ApolloTestSupport;
		};
		7336303A2BC2136D00A36FD7 /* WeatherSchemaAPI */ = {
			isa = XCSwiftPackageProductDependency;
			productName = WeatherSchemaAPI;
		};
/* End XCSwiftPackageProductDependency section */
	};
	rootObject = 7336300C2BC20DB300A36FD7 /* Project object */;
}
